
Microsoft Visual Studio Solution File, Format Version 12.00
# Visual Studio Version 16
VisualStudioVersion = 16.0.29318.209
MinimumVisualStudioVersion = 10.0.40219.1
Project("{9A19103F-16F7-4668-BE54-9A1E7A4F7556}") = "TruckingSharp", "TruckingSharp.csproj", "{02DC02FB-8BF7-4E8F-867C-190FDC62648D}"
EndProject
Project("{9A19103F-16F7-4668-BE54-9A1E7A4F7556}") = "TruckingSharp.Database", "..\sampgamemode.Database\TruckingSharp.Database.csproj", "{7231E991-83B5-4704-A8DF-959B815A4444}"
EndProject
Global
	GlobalSection(SolutionConfigurationPlatforms) = preSolution
		Debug|Any CPU = Debug|Any CPU
		Release|Any CPU = Release|Any CPU
	EndGlobalSection
	GlobalSection(ProjectConfigurationPlatforms) = postSolution
		{02DC02FB-8BF7-4E8F-867C-190FDC62648D}.Debug|Any CPU.ActiveCfg = Debug|Any CPU
		{02DC02FB-8BF7-4E8F-867C-190FDC62648D}.Debug|Any CPU.Build.0 = Debug|Any CPU
		{02DC02FB-8BF7-4E8F-867C-190FDC62648D}.Release|Any CPU.ActiveCfg = Release|Any CPU
		{02DC02FB-8BF7-4E8F-867C-190FDC62648D}.Release|Any CPU.Build.0 = Release|Any CPU
		{7231E991-83B5-4704-A8DF-959B815A4444}.Debug|Any CPU.ActiveCfg = Debug|Any CPU
		{7231E991-83B5-4704-A8DF-959B815A4444}.Debug|Any CPU.Build.0 = Debug|Any CPU
		{7231E991-83B5-4704-A8DF-959B815A4444}.Release|Any CPU.ActiveCfg = Release|Any CPU
		{7231E991-83B5-4704-A8DF-959B815A4444}.Release|Any CPU.Build.0 = Release|Any CPU
	EndGlobalSection
	GlobalSection(SolutionProperties) = preSolution
		HideSolutionNode = FALSE
	EndGlobalSection
	GlobalSection(ExtensibilityGlobals) = postSolution
		SolutionGuid = {85CA6984-FF1F-4C10-A9BF-92936EF60C5D}
	EndGlobalSection
EndGlobal
